
Microsoft Visual Studio Solution File, Format Version 12.00
# Visual Studio Version 17
VisualStudioVersion = 17.10.35004.147
MinimumVisualStudioVersion = 10.0.40219.1
Project("{FAE04EC0-301F-11D3-BF4B-00C04F79EFBC}") = "Sheduler_Parnie_Gremm", "Sheduler_Parnie_Gremm.csproj", "{BB853228-D749-48C6-832C-F0A96BC8FFE2}"
EndProject
Global
	GlobalSection(SolutionConfigurationPlatforms) = preSolution
		Debug|Any CPU = Debug|Any CPU
		Release|Any CPU = Release|Any CPU
	EndGlobalSection
	GlobalSection(ProjectConfigurationPlatforms) = postSolution
		{BB853228-D749-48C6-832C-F0A96BC8FFE2}.Debug|Any CPU.ActiveCfg = Debug|Any CPU
		{BB853228-D749-48C6-832C-F0A96BC8FFE2}.Debug|Any CPU.Build.0 = Debug|Any CPU
		{BB853228-D749-48C6-832C-F0A96BC8FFE2}.Release|Any CPU.ActiveCfg = Release|Any CPU
		{BB853228-D749-48C6-832C-F0A96BC8FFE2}.Release|Any CPU.Build.0 = Release|Any CPU
	EndGlobalSection
	GlobalSection(SolutionProperties) = preSolution
		HideSolutionNode = FALSE
	EndGlobalSection
	GlobalSection(ExtensibilityGlobals) = postSolution
		SolutionGuid = {2D1F08C9-80D5-46F9-B7F4-4079CB1A23CD}
	EndGlobalSection
EndGlobal
